
Microsoft Visual Studio Solution File, Format Version 12.00
# Visual Studio Version 17
VisualStudioVersion = 17.7.34031.279
MinimumVisualStudioVersion = 10.0.40219.1
Project("{FAE04EC0-301F-11D3-BF4B-00C04F79EFBC}") = "POO_EP1_PSAM", "POO_EP1_PSAM\POO_EP1_PSAM.csproj", "{10D2F5E8-C0FA-4F57-9285-2DC698D292E6}"
EndProject
Global
	GlobalSection(SolutionConfigurationPlatforms) = preSolution
		Debug|Any CPU = Debug|Any CPU
		Release|Any CPU = Release|Any CPU
	EndGlobalSection
	GlobalSection(ProjectConfigurationPlatforms) = postSolution
		{10D2F5E8-C0FA-4F57-9285-2DC698D292E6}.Debug|Any CPU.ActiveCfg = Debug|Any CPU
		{10D2F5E8-C0FA-4F57-9285-2DC698D292E6}.Debug|Any CPU.Build.0 = Debug|Any CPU
		{10D2F5E8-C0FA-4F57-9285-2DC698D292E6}.Release|Any CPU.ActiveCfg = Release|Any CPU
		{10D2F5E8-C0FA-4F57-9285-2DC698D292E6}.Release|Any CPU.Build.0 = Release|Any CPU
	EndGlobalSection
	GlobalSection(SolutionProperties) = preSolution
		HideSolutionNode = FALSE
	EndGlobalSection
	GlobalSection(ExtensibilityGlobals) = postSolution
		SolutionGuid = {7AE702A8-831C-4B61-8F45-88A950FE41C1}
	EndGlobalSection
EndGlobal
